// !$*UTF8*$!
{
	archiveVersion = 1;
	classes = {
	};
	objectVersion = 51;
	objects = {

/* Begin PBXBuildFile section */
		183E06A125F21CBD00AB311C /* 1.json in Resources */ = {isa = PBXBuildFile; fileRef = 183E06A025F21CBD00AB311C /* 1.json */; };
		18536BFC25F1E9B6004A54D8 /* SplashViewController.swift in Sources */ = {isa = PBXBuildFile; fileRef = 18536BFB25F1E9B6004A54D8 /* SplashViewController.swift */; };
		18536C0125F1E9DC004A54D8 /* TutorialViewController.swift in Sources */ = {isa = PBXBuildFile; fileRef = 18536C0025F1E9DC004A54D8 /* TutorialViewController.swift */; };
		1873B8A2259032E7000440FD /* TabBarController.swift in Sources */ = {isa = PBXBuildFile; fileRef = 1873B8A1259032E7000440FD /* TabBarController.swift */; };
		1873B8A7259035AD000440FD /* ListNavigationController.swift in Sources */ = {isa = PBXBuildFile; fileRef = 1873B8A6259035AD000440FD /* ListNavigationController.swift */; };
		1894EABA25D22D08006CBD14 /* FirstViewController.swift in Sources */ = {isa = PBXBuildFile; fileRef = 1894EAB925D22D08006CBD14 /* FirstViewController.swift */; };
		1894EAC925D22DB9006CBD14 /* FourthViewController.swift in Sources */ = {isa = PBXBuildFile; fileRef = 1894EAC825D22DB9006CBD14 /* FourthViewController.swift */; };
		1894EACE25D22DEF006CBD14 /* FifthViewController.swift in Sources */ = {isa = PBXBuildFile; fileRef = 1894EACD25D22DEF006CBD14 /* FifthViewController.swift */; };
		189FD03625EF1E69005ED8B4 /* CalendarHelpViewController.swift in Sources */ = {isa = PBXBuildFile; fileRef = 189FD03525EF1E69005ED8B4 /* CalendarHelpViewController.swift */; };
		189FD03B25EF260D005ED8B4 /* HelpContentsViewController.swift in Sources */ = {isa = PBXBuildFile; fileRef = 189FD03A25EF260D005ED8B4 /* HelpContentsViewController.swift */; };
		18A9FB2F256B507900A8D0C6 /* AppDelegate.swift in Sources */ = {isa = PBXBuildFile; fileRef = 18A9FB2E256B507900A8D0C6 /* AppDelegate.swift */; };
		18A9FB31256B507900A8D0C6 /* SceneDelegate.swift in Sources */ = {isa = PBXBuildFile; fileRef = 18A9FB30256B507900A8D0C6 /* SceneDelegate.swift */; };
		18A9FB36256B507900A8D0C6 /* Main.storyboard in Resources */ = {isa = PBXBuildFile; fileRef = 18A9FB34256B507900A8D0C6 /* Main.storyboard */; };
		18A9FB38256B507E00A8D0C6 /* Assets.xcassets in Resources */ = {isa = PBXBuildFile; fileRef = 18A9FB37256B507E00A8D0C6 /* Assets.xcassets */; };
		18A9FB3B256B507E00A8D0C6 /* LaunchScreen.storyboard in Resources */ = {isa = PBXBuildFile; fileRef = 18A9FB39256B507E00A8D0C6 /* LaunchScreen.storyboard */; };
		18A9FB46256B507E00A8D0C6 /* RiseTests.swift in Sources */ = {isa = PBXBuildFile; fileRef = 18A9FB45256B507E00A8D0C6 /* RiseTests.swift */; };
		18A9FB51256B507E00A8D0C6 /* RiseUITests.swift in Sources */ = {isa = PBXBuildFile; fileRef = 18A9FB50256B507E00A8D0C6 /* RiseUITests.swift */; };
		18A9FB70256B534700A8D0C6 /* ListViewController.swift in Sources */ = {isa = PBXBuildFile; fileRef = 18A9FB6F256B534700A8D0C6 /* ListViewController.swift */; };
		18A9FB75256B536700A8D0C6 /* CalendarViewController.swift in Sources */ = {isa = PBXBuildFile; fileRef = 18A9FB74256B536700A8D0C6 /* CalendarViewController.swift */; };
		18A9FB7A256B537500A8D0C6 /* ChartViewController.swift in Sources */ = {isa = PBXBuildFile; fileRef = 18A9FB79256B537500A8D0C6 /* ChartViewController.swift */; };
		18A9FB90256B77CA00A8D0C6 /* Task.swift in Sources */ = {isa = PBXBuildFile; fileRef = 18A9FB8F256B77CA00A8D0C6 /* Task.swift */; };
		18DF999225E0C73400BBB539 /* timerViewController.swift in Sources */ = {isa = PBXBuildFile; fileRef = 18DF999125E0C73400BBB539 /* timerViewController.swift */; };
		280EB1EDF7A3F20A71CA5A30 /* Pods_Rise_RiseUITests.framework in Frameworks */ = {isa = PBXBuildFile; fileRef = 3B8F82591AF95995FF4A61EC /* Pods_Rise_RiseUITests.framework */; };
		8A126719850B71387C3414E0 /* Pods_Rise.framework in Frameworks */ = {isa = PBXBuildFile; fileRef = B1299C14FA1D5AA47C6975DD /* Pods_Rise.framework */; };
		F27CAE0C81B3D70019263523 /* Pods_RiseTests.framework in Frameworks */ = {isa = PBXBuildFile; fileRef = ACEFC47A1855231EA897C9A1 /* Pods_RiseTests.framework */; };
/* End PBXBuildFile section */

/* Begin PBXContainerItemProxy section */
		18A9FB42256B507E00A8D0C6 /* PBXContainerItemProxy */ = {
			isa = PBXContainerItemProxy;
			containerPortal = 18A9FB23256B507900A8D0C6 /* Project object */;
			proxyType = 1;
			remoteGlobalIDString = 18A9FB2A256B507900A8D0C6;
			remoteInfo = Rise;
		};
		18A9FB4D256B507E00A8D0C6 /* PBXContainerItemProxy */ = {
			isa = PBXContainerItemProxy;
			containerPortal = 18A9FB23256B507900A8D0C6 /* Project object */;
			proxyType = 1;
			remoteGlobalIDString = 18A9FB2A256B507900A8D0C6;
			remoteInfo = Rise;
		};
/* End PBXContainerItemProxy section */

/* Begin PBXFileReference section */
		050F1C6C92A596E2F73BBC22 /* Pods-Rise.debug.xcconfig */ = {isa = PBXFileReference; includeInIndex = 1; lastKnownFileType = text.xcconfig; name = "Pods-Rise.debug.xcconfig"; path = "Target Support Files/Pods-Rise/Pods-Rise.debug.xcconfig"; sourceTree = "<group>"; };
		183E06A025F21CBD00AB311C /* 1.json */ = {isa = PBXFileReference; fileEncoding = 4; lastKnownFileType = text.json; path = 1.json; sourceTree = "<group>"; };
		18536BFB25F1E9B6004A54D8 /* SplashViewController.swift */ = {isa = PBXFileReference; lastKnownFileType = sourcecode.swift; path = SplashViewController.swift; sourceTree = "<group>"; };
		18536C0025F1E9DC004A54D8 /* TutorialViewController.swift */ = {isa = PBXFileReference; lastKnownFileType = sourcecode.swift; path = TutorialViewController.swift; sourceTree = "<group>"; };
		1873B8A1259032E7000440FD /* TabBarController.swift */ = {isa = PBXFileReference; lastKnownFileType = sourcecode.swift; path = TabBarController.swift; sourceTree = "<group>"; };
		1873B8A6259035AD000440FD /* ListNavigationController.swift */ = {isa = PBXFileReference; lastKnownFileType = sourcecode.swift; path = ListNavigationController.swift; sourceTree = "<group>"; };
		1894EAB925D22D08006CBD14 /* FirstViewController.swift */ = {isa = PBXFileReference; lastKnownFileType = sourcecode.swift; path = FirstViewController.swift; sourceTree = "<group>"; };
		1894EAC825D22DB9006CBD14 /* FourthViewController.swift */ = {isa = PBXFileReference; lastKnownFileType = sourcecode.swift; path = FourthViewController.swift; sourceTree = "<group>"; };
		1894EACD25D22DEF006CBD14 /* FifthViewController.swift */ = {isa = PBXFileReference; lastKnownFileType = sourcecode.swift; path = FifthViewController.swift; sourceTree = "<group>"; };
		189FD03525EF1E69005ED8B4 /* CalendarHelpViewController.swift */ = {isa = PBXFileReference; lastKnownFileType = sourcecode.swift; path = CalendarHelpViewController.swift; sourceTree = "<group>"; };
		189FD03A25EF260D005ED8B4 /* HelpContentsViewController.swift */ = {isa = PBXFileReference; lastKnownFileType = sourcecode.swift; path = HelpContentsViewController.swift; sourceTree = "<group>"; };
		18A9FB2B256B507900A8D0C6 /* Rise.app */ = {isa = PBXFileReference; explicitFileType = wrapper.application; includeInIndex = 0; path = Rise.app; sourceTree = BUILT_PRODUCTS_DIR; };
		18A9FB2E256B507900A8D0C6 /* AppDelegate.swift */ = {isa = PBXFileReference; lastKnownFileType = sourcecode.swift; path = AppDelegate.swift; sourceTree = "<group>"; };
		18A9FB30256B507900A8D0C6 /* SceneDelegate.swift */ = {isa = PBXFileReference; lastKnownFileType = sourcecode.swift; path = SceneDelegate.swift; sourceTree = "<group>"; };
		18A9FB35256B507900A8D0C6 /* Base */ = {isa = PBXFileReference; lastKnownFileType = file.storyboard; name = Base; path = Base.lproj/Main.storyboard; sourceTree = "<group>"; };
		18A9FB37256B507E00A8D0C6 /* Assets.xcassets */ = {isa = PBXFileReference; lastKnownFileType = folder.assetcatalog; path = Assets.xcassets; sourceTree = "<group>"; };
		18A9FB3A256B507E00A8D0C6 /* Base */ = {isa = PBXFileReference; lastKnownFileType = file.storyboard; name = Base; path = Base.lproj/LaunchScreen.storyboard; sourceTree = "<group>"; };
		18A9FB3C256B507E00A8D0C6 /* Info.plist */ = {isa = PBXFileReference; lastKnownFileType = text.plist.xml; path = Info.plist; sourceTree = "<group>"; };
		18A9FB41256B507E00A8D0C6 /* RiseTests.xctest */ = {isa = PBXFileReference; explicitFileType = wrapper.cfbundle; includeInIndex = 0; path = RiseTests.xctest; sourceTree = BUILT_PRODUCTS_DIR; };
		18A9FB45256B507E00A8D0C6 /* RiseTests.swift */ = {isa = PBXFileReference; lastKnownFileType = sourcecode.swift; path = RiseTests.swift; sourceTree = "<group>"; };
		18A9FB47256B507E00A8D0C6 /* Info.plist */ = {isa = PBXFileReference; lastKnownFileType = text.plist.xml; path = Info.plist; sourceTree = "<group>"; };
		18A9FB4C256B507E00A8D0C6 /* RiseUITests.xctest */ = {isa = PBXFileReference; explicitFileType = wrapper.cfbundle; includeInIndex = 0; path = RiseUITests.xctest; sourceTree = BUILT_PRODUCTS_DIR; };
		18A9FB50256B507E00A8D0C6 /* RiseUITests.swift */ = {isa = PBXFileReference; lastKnownFileType = sourcecode.swift; path = RiseUITests.swift; sourceTree = "<group>"; };
		18A9FB52256B507E00A8D0C6 /* Info.plist */ = {isa = PBXFileReference; lastKnownFileType = text.plist.xml; path = Info.plist; sourceTree = "<group>"; };
		18A9FB6F256B534700A8D0C6 /* ListViewController.swift */ = {isa = PBXFileReference; lastKnownFileType = sourcecode.swift; path = ListViewController.swift; sourceTree = "<group>"; };
		18A9FB74256B536700A8D0C6 /* CalendarViewController.swift */ = {isa = PBXFileReference; lastKnownFileType = sourcecode.swift; path = CalendarViewController.swift; sourceTree = "<group>"; };
		18A9FB79256B537500A8D0C6 /* ChartViewController.swift */ = {isa = PBXFileReference; lastKnownFileType = sourcecode.swift; path = ChartViewController.swift; sourceTree = "<group>"; };
		18A9FB8F256B77CA00A8D0C6 /* Task.swift */ = {isa = PBXFileReference; lastKnownFileType = sourcecode.swift; path = Task.swift; sourceTree = "<group>"; };
		18DF999125E0C73400BBB539 /* timerViewController.swift */ = {isa = PBXFileReference; lastKnownFileType = sourcecode.swift; path = timerViewController.swift; sourceTree = "<group>"; };
		30FA938D79A07F8709A96BC7 /* Pods-Rise.release.xcconfig */ = {isa = PBXFileReference; includeInIndex = 1; lastKnownFileType = text.xcconfig; name = "Pods-Rise.release.xcconfig"; path = "Target Support Files/Pods-Rise/Pods-Rise.release.xcconfig"; sourceTree = "<group>"; };
		3B8F82591AF95995FF4A61EC /* Pods_Rise_RiseUITests.framework */ = {isa = PBXFileReference; explicitFileType = wrapper.framework; includeInIndex = 0; path = Pods_Rise_RiseUITests.framework; sourceTree = BUILT_PRODUCTS_DIR; };
		5BBAF677452C653F4AF1A818 /* Pods-RiseTests.debug.xcconfig */ = {isa = PBXFileReference; includeInIndex = 1; lastKnownFileType = text.xcconfig; name = "Pods-RiseTests.debug.xcconfig"; path = "Target Support Files/Pods-RiseTests/Pods-RiseTests.debug.xcconfig"; sourceTree = "<group>"; };
		879B14BE66AE4EED5D7E5C48 /* Pods-Rise-RiseUITests.debug.xcconfig */ = {isa = PBXFileReference; includeInIndex = 1; lastKnownFileType = text.xcconfig; name = "Pods-Rise-RiseUITests.debug.xcconfig"; path = "Target Support Files/Pods-Rise-RiseUITests/Pods-Rise-RiseUITests.debug.xcconfig"; sourceTree = "<group>"; };
		88C92826BCFA5AF72C9579CD /* Pods-RiseTests.release.xcconfig */ = {isa = PBXFileReference; includeInIndex = 1; lastKnownFileType = text.xcconfig; name = "Pods-RiseTests.release.xcconfig"; path = "Target Support Files/Pods-RiseTests/Pods-RiseTests.release.xcconfig"; sourceTree = "<group>"; };
		9F98B4B7F70B15530CC79D8D /* Pods-Rise-RiseUITests.release.xcconfig */ = {isa = PBXFileReference; includeInIndex = 1; lastKnownFileType = text.xcconfig; name = "Pods-Rise-RiseUITests.release.xcconfig"; path = "Target Support Files/Pods-Rise-RiseUITests/Pods-Rise-RiseUITests.release.xcconfig"; sourceTree = "<group>"; };
		ACEFC47A1855231EA897C9A1 /* Pods_RiseTests.framework */ = {isa = PBXFileReference; explicitFileType = wrapper.framework; includeInIndex = 0; path = Pods_RiseTests.framework; sourceTree = BUILT_PRODUCTS_DIR; };
		B1299C14FA1D5AA47C6975DD /* Pods_Rise.framework */ = {isa = PBXFileReference; explicitFileType = wrapper.framework; includeInIndex = 0; path = Pods_Rise.framework; sourceTree = BUILT_PRODUCTS_DIR; };
/* End PBXFileReference section */

/* Begin PBXFrameworksBuildPhase section */
		18A9FB28256B507900A8D0C6 /* Frameworks */ = {
			isa = PBXFrameworksBuildPhase;
			buildActionMask = 2147483647;
			files = (
				8A126719850B71387C3414E0 /* Pods_Rise.framework in Frameworks */,
			);
			runOnlyForDeploymentPostprocessing = 0;
		};
		18A9FB3E256B507E00A8D0C6 /* Frameworks */ = {
			isa = PBXFrameworksBuildPhase;
			buildActionMask = 2147483647;
			files = (
				F27CAE0C81B3D70019263523 /* Pods_RiseTests.framework in Frameworks */,
			);
			runOnlyForDeploymentPostprocessing = 0;
		};
		18A9FB49256B507E00A8D0C6 /* Frameworks */ = {
			isa = PBXFrameworksBuildPhase;
			buildActionMask = 2147483647;
			files = (
				280EB1EDF7A3F20A71CA5A30 /* Pods_Rise_RiseUITests.framework in Frameworks */,
			);
			runOnlyForDeploymentPostprocessing = 0;
		};
/* End PBXFrameworksBuildPhase section */

/* Begin PBXGroup section */
		18A9FB22256B507900A8D0C6 = {
			isa = PBXGroup;
			children = (
				18A9FB2D256B507900A8D0C6 /* Rise */,
				18A9FB44256B507E00A8D0C6 /* RiseTests */,
				18A9FB4F256B507E00A8D0C6 /* RiseUITests */,
				18A9FB2C256B507900A8D0C6 /* Products */,
				557E1DCCCD4613E44D20097F /* Pods */,
				3CD95F9F7CB4067E8437A3E6 /* Frameworks */,
			);
			sourceTree = "<group>";
		};
		18A9FB2C256B507900A8D0C6 /* Products */ = {
			isa = PBXGroup;
			children = (
				18A9FB2B256B507900A8D0C6 /* Rise.app */,
				18A9FB41256B507E00A8D0C6 /* RiseTests.xctest */,
				18A9FB4C256B507E00A8D0C6 /* RiseUITests.xctest */,
			);
			name = Products;
			sourceTree = "<group>";
		};
		18A9FB2D256B507900A8D0C6 /* Rise */ = {
			isa = PBXGroup;
			children = (
				18A9FB2E256B507900A8D0C6 /* AppDelegate.swift */,
				18A9FB30256B507900A8D0C6 /* SceneDelegate.swift */,
				18536BFB25F1E9B6004A54D8 /* SplashViewController.swift */,
				18536C0025F1E9DC004A54D8 /* TutorialViewController.swift */,
				18A9FB6F256B534700A8D0C6 /* ListViewController.swift */,
				18A9FB74256B536700A8D0C6 /* CalendarViewController.swift */,
				189FD03525EF1E69005ED8B4 /* CalendarHelpViewController.swift */,
				18DF999125E0C73400BBB539 /* timerViewController.swift */,
				18A9FB79256B537500A8D0C6 /* ChartViewController.swift */,
				1894EAB925D22D08006CBD14 /* FirstViewController.swift */,
				1894EAC825D22DB9006CBD14 /* FourthViewController.swift */,
				1894EACD25D22DEF006CBD14 /* FifthViewController.swift */,
				189FD03A25EF260D005ED8B4 /* HelpContentsViewController.swift */,
				18A9FB8F256B77CA00A8D0C6 /* Task.swift */,
				1873B8A1259032E7000440FD /* TabBarController.swift */,
				1873B8A6259035AD000440FD /* ListNavigationController.swift */,
				18A9FB34256B507900A8D0C6 /* Main.storyboard */,
				183E06A025F21CBD00AB311C /* 1.json */,
				18A9FB37256B507E00A8D0C6 /* Assets.xcassets */,
				18A9FB39256B507E00A8D0C6 /* LaunchScreen.storyboard */,
				18A9FB3C256B507E00A8D0C6 /* Info.plist */,
			);
			path = Rise;
			sourceTree = "<group>";
		};
		18A9FB44256B507E00A8D0C6 /* RiseTests */ = {
			isa = PBXGroup;
			children = (
				18A9FB45256B507E00A8D0C6 /* RiseTests.swift */,
				18A9FB47256B507E00A8D0C6 /* Info.plist */,
			);
			path = RiseTests;
			sourceTree = "<group>";
		};
		18A9FB4F256B507E00A8D0C6 /* RiseUITests */ = {
			isa = PBXGroup;
			children = (
				18A9FB50256B507E00A8D0C6 /* RiseUITests.swift */,
				18A9FB52256B507E00A8D0C6 /* Info.plist */,
			);
			path = RiseUITests;
			sourceTree = "<group>";
		};
		3CD95F9F7CB4067E8437A3E6 /* Frameworks */ = {
			isa = PBXGroup;
			children = (
				B1299C14FA1D5AA47C6975DD /* Pods_Rise.framework */,
				3B8F82591AF95995FF4A61EC /* Pods_Rise_RiseUITests.framework */,
				ACEFC47A1855231EA897C9A1 /* Pods_RiseTests.framework */,
			);
			name = Frameworks;
			sourceTree = "<group>";
		};
		557E1DCCCD4613E44D20097F /* Pods */ = {
			isa = PBXGroup;
			children = (
				050F1C6C92A596E2F73BBC22 /* Pods-Rise.debug.xcconfig */,
				30FA938D79A07F8709A96BC7 /* Pods-Rise.release.xcconfig */,
				879B14BE66AE4EED5D7E5C48 /* Pods-Rise-RiseUITests.debug.xcconfig */,
				9F98B4B7F70B15530CC79D8D /* Pods-Rise-RiseUITests.release.xcconfig */,
				5BBAF677452C653F4AF1A818 /* Pods-RiseTests.debug.xcconfig */,
				88C92826BCFA5AF72C9579CD /* Pods-RiseTests.release.xcconfig */,
			);
			path = Pods;
			sourceTree = "<group>";
		};
/* End PBXGroup section */

/* Begin PBXNativeTarget section */
		18A9FB2A256B507900A8D0C6 /* Rise */ = {
			isa = PBXNativeTarget;
			buildConfigurationList = 18A9FB55256B507E00A8D0C6 /* Build configuration list for PBXNativeTarget "Rise" */;
			buildPhases = (
				0449C519A798B8C42677C130 /* [CP] Check Pods Manifest.lock */,
				18A9FB27256B507900A8D0C6 /* Sources */,
				18A9FB28256B507900A8D0C6 /* Frameworks */,
				18A9FB29256B507900A8D0C6 /* Resources */,
				AD355B33F831A67FB62643B1 /* [CP] Embed Pods Frameworks */,
			);
			buildRules = (
			);
			dependencies = (
			);
			name = Rise;
			productName = Rise;
			productReference = 18A9FB2B256B507900A8D0C6 /* Rise.app */;
			productType = "com.apple.product-type.application";
		};
		18A9FB40256B507E00A8D0C6 /* RiseTests */ = {
			isa = PBXNativeTarget;
			buildConfigurationList = 18A9FB58256B507E00A8D0C6 /* Build configuration list for PBXNativeTarget "RiseTests" */;
			buildPhases = (
				EFF498002DE22715A7CB69DE /* [CP] Check Pods Manifest.lock */,
				18A9FB3D256B507E00A8D0C6 /* Sources */,
				18A9FB3E256B507E00A8D0C6 /* Frameworks */,
				18A9FB3F256B507E00A8D0C6 /* Resources */,
			);
			buildRules = (
			);
			dependencies = (
				18A9FB43256B507E00A8D0C6 /* PBXTargetDependency */,
			);
			name = RiseTests;
			productName = RiseTests;
			productReference = 18A9FB41256B507E00A8D0C6 /* RiseTests.xctest */;
			productType = "com.apple.product-type.bundle.unit-test";
		};
		18A9FB4B256B507E00A8D0C6 /* RiseUITests */ = {
			isa = PBXNativeTarget;
			buildConfigurationList = 18A9FB5B256B507E00A8D0C6 /* Build configuration list for PBXNativeTarget "RiseUITests" */;
			buildPhases = (
				20468407690E822A15566E10 /* [CP] Check Pods Manifest.lock */,
				18A9FB48256B507E00A8D0C6 /* Sources */,
				18A9FB49256B507E00A8D0C6 /* Frameworks */,
				18A9FB4A256B507E00A8D0C6 /* Resources */,
				42573D8FF8DF145B31B3AE6D /* [CP] Embed Pods Frameworks */,
			);
			buildRules = (
			);
			dependencies = (
				18A9FB4E256B507E00A8D0C6 /* PBXTargetDependency */,
			);
			name = RiseUITests;
			productName = RiseUITests;
			productReference = 18A9FB4C256B507E00A8D0C6 /* RiseUITests.xctest */;
			productType = "com.apple.product-type.bundle.ui-testing";
		};
/* End PBXNativeTarget section */

/* Begin PBXProject section */
		18A9FB23256B507900A8D0C6 /* Project object */ = {
			isa = PBXProject;
			attributes = {
				LastSwiftUpdateCheck = 1220;
				LastUpgradeCheck = 1220;
				TargetAttributes = {
					18A9FB2A256B507900A8D0C6 = {
						CreatedOnToolsVersion = 12.2;
					};
					18A9FB40256B507E00A8D0C6 = {
						CreatedOnToolsVersion = 12.2;
						TestTargetID = 18A9FB2A256B507900A8D0C6;
					};
					18A9FB4B256B507E00A8D0C6 = {
						CreatedOnToolsVersion = 12.2;
						TestTargetID = 18A9FB2A256B507900A8D0C6;
					};
				};
			};
			buildConfigurationList = 18A9FB26256B507900A8D0C6 /* Build configuration list for PBXProject "Rise" */;
			compatibilityVersion = "Xcode 9.3";
			developmentRegion = en;
			hasScannedForEncodings = 0;
			knownRegions = (
				en,
				Base,
			);
			mainGroup = 18A9FB22256B507900A8D0C6;
			productRefGroup = 18A9FB2C256B507900A8D0C6 /* Products */;
			projectDirPath = "";
			projectRoot = "";
			targets = (
				18A9FB2A256B507900A8D0C6 /* Rise */,
				18A9FB40256B507E00A8D0C6 /* RiseTests */,
				18A9FB4B256B507E00A8D0C6 /* RiseUITests */,
			);
		};
/* End PBXProject section */

/* Begin PBXResourcesBuildPhase section */
		18A9FB29256B507900A8D0C6 /* Resources */ = {
			isa = PBXResourcesBuildPhase;
			buildActionMask = 2147483647;
			files = (
				18A9FB3B256B507E00A8D0C6 /* LaunchScreen.storyboard in Resources */,
				18A9FB38256B507E00A8D0C6 /* Assets.xcassets in Resources */,
				18A9FB36256B507900A8D0C6 /* Main.storyboard in Resources */,
				183E06A125F21CBD00AB311C /* 1.json in Resources */,
			);
			runOnlyForDeploymentPostprocessing = 0;
		};
		18A9FB3F256B507E00A8D0C6 /* Resources */ = {
			isa = PBXResourcesBuildPhase;
			buildActionMask = 2147483647;
			files = (
			);
			runOnlyForDeploymentPostprocessing = 0;
		};
		18A9FB4A256B507E00A8D0C6 /* Resources */ = {
			isa = PBXResourcesBuildPhase;
			buildActionMask = 2147483647;
			files = (
			);
			runOnlyForDeploymentPostprocessing = 0;
		};
/* End PBXResourcesBuildPhase section */

/* Begin PBXShellScriptBuildPhase section */
		0449C519A798B8C42677C130 /* [CP] Check Pods Manifest.lock */ = {
			isa = PBXShellScriptBuildPhase;
			buildActionMask = 2147483647;
			files = (
			);
			inputFileListPaths = (
			);
			inputPaths = (
				"${PODS_PODFILE_DIR_PATH}/Podfile.lock",
				"${PODS_ROOT}/Manifest.lock",
			);
			name = "[CP] Check Pods Manifest.lock";
			outputFileListPaths = (
			);
			outputPaths = (
				"$(DERIVED_FILE_DIR)/Pods-Rise-checkManifestLockResult.txt",
			);
			runOnlyForDeploymentPostprocessing = 0;
			shellPath = /bin/sh;
			shellScript = "diff \"${PODS_PODFILE_DIR_PATH}/Podfile.lock\" \"${PODS_ROOT}/Manifest.lock\" > /dev/null\nif [ $? != 0 ] ; then\n    # print error to STDERR\n    echo \"error: The sandbox is not in sync with the Podfile.lock. Run 'pod install' or update your CocoaPods installation.\" >&2\n    exit 1\nfi\n# This output is used by Xcode 'outputs' to avoid re-running this script phase.\necho \"SUCCESS\" > \"${SCRIPT_OUTPUT_FILE_0}\"\n";
			showEnvVarsInLog = 0;
		};
		20468407690E822A15566E10 /* [CP] Check Pods Manifest.lock */ = {
			isa = PBXShellScriptBuildPhase;
			buildActionMask = 2147483647;
			files = (
			);
			inputFileListPaths = (
			);
			inputPaths = (
				"${PODS_PODFILE_DIR_PATH}/Podfile.lock",
				"${PODS_ROOT}/Manifest.lock",
			);
			name = "[CP] Check Pods Manifest.lock";
			outputFileListPaths = (
			);
			outputPaths = (
				"$(DERIVED_FILE_DIR)/Pods-Rise-RiseUITests-checkManifestLockResult.txt",
			);
			runOnlyForDeploymentPostprocessing = 0;
			shellPath = /bin/sh;
			shellScript = "diff \"${PODS_PODFILE_DIR_PATH}/Podfile.lock\" \"${PODS_ROOT}/Manifest.lock\" > /dev/null\nif [ $? != 0 ] ; then\n    # print error to STDERR\n    echo \"error: The sandbox is not in sync with the Podfile.lock. Run 'pod install' or update your CocoaPods installation.\" >&2\n    exit 1\nfi\n# This output is used by Xcode 'outputs' to avoid re-running this script phase.\necho \"SUCCESS\" > \"${SCRIPT_OUTPUT_FILE_0}\"\n";
			showEnvVarsInLog = 0;
		};
		42573D8FF8DF145B31B3AE6D /* [CP] Embed Pods Frameworks */ = {
			isa = PBXShellScriptBuildPhase;
			buildActionMask = 2147483647;
			files = (
			);
			inputFileListPaths = (
				"${PODS_ROOT}/Target Support Files/Pods-Rise-RiseUITests/Pods-Rise-RiseUITests-frameworks-${CONFIGURATION}-input-files.xcfilelist",
			);
			name = "[CP] Embed Pods Frameworks";
			outputFileListPaths = (
				"${PODS_ROOT}/Target Support Files/Pods-Rise-RiseUITests/Pods-Rise-RiseUITests-frameworks-${CONFIGURATION}-output-files.xcfilelist",
			);
			runOnlyForDeploymentPostprocessing = 0;
			shellPath = /bin/sh;
			shellScript = "\"${PODS_ROOT}/Target Support Files/Pods-Rise-RiseUITests/Pods-Rise-RiseUITests-frameworks.sh\"\n";
			showEnvVarsInLog = 0;
		};
		AD355B33F831A67FB62643B1 /* [CP] Embed Pods Frameworks */ = {
			isa = PBXShellScriptBuildPhase;
			buildActionMask = 2147483647;
			files = (
			);
			inputFileListPaths = (
				"${PODS_ROOT}/Target Support Files/Pods-Rise/Pods-Rise-frameworks-${CONFIGURATION}-input-files.xcfilelist",
			);
			name = "[CP] Embed Pods Frameworks";
			outputFileListPaths = (
				"${PODS_ROOT}/Target Support Files/Pods-Rise/Pods-Rise-frameworks-${CONFIGURATION}-output-files.xcfilelist",
			);
			runOnlyForDeploymentPostprocessing = 0;
			shellPath = /bin/sh;
			shellScript = "\"${PODS_ROOT}/Target Support Files/Pods-Rise/Pods-Rise-frameworks.sh\"\n";
			showEnvVarsInLog = 0;
		};
		EFF498002DE22715A7CB69DE /* [CP] Check Pods Manifest.lock */ = {
			isa = PBXShellScriptBuildPhase;
			buildActionMask = 2147483647;
			files = (
			);
			inputFileListPaths = (
			);
			inputPaths = (
				"${PODS_PODFILE_DIR_PATH}/Podfile.lock",
				"${PODS_ROOT}/Manifest.lock",
			);
			name = "[CP] Check Pods Manifest.lock";
			outputFileListPaths = (
			);
			outputPaths = (
				"$(DERIVED_FILE_DIR)/Pods-RiseTests-checkManifestLockResult.txt",
			);
			runOnlyForDeploymentPostprocessing = 0;
			shellPath = /bin/sh;
			shellScript = "diff \"${PODS_PODFILE_DIR_PATH}/Podfile.lock\" \"${PODS_ROOT}/Manifest.lock\" > /dev/null\nif [ $? != 0 ] ; then\n    # print error to STDERR\n    echo \"error: The sandbox is not in sync with the Podfile.lock. Run 'pod install' or update your CocoaPods installation.\" >&2\n    exit 1\nfi\n# This output is used by Xcode 'outputs' to avoid re-running this script phase.\necho \"SUCCESS\" > \"${SCRIPT_OUTPUT_FILE_0}\"\n";
			showEnvVarsInLog = 0;
		};
/* End PBXShellScriptBuildPhase section */

/* Begin PBXSourcesBuildPhase section */
		18A9FB27256B507900A8D0C6 /* Sources */ = {
			isa = PBXSourcesBuildPhase;
			buildActionMask = 2147483647;
			files = (
				189FD03B25EF260D005ED8B4 /* HelpContentsViewController.swift in Sources */,
				18A9FB75256B536700A8D0C6 /* CalendarViewController.swift in Sources */,
				1873B8A2259032E7000440FD /* TabBarController.swift in Sources */,
				18A9FB2F256B507900A8D0C6 /* AppDelegate.swift in Sources */,
				18A9FB70256B534700A8D0C6 /* ListViewController.swift in Sources */,
				1894EAC925D22DB9006CBD14 /* FourthViewController.swift in Sources */,
				18DF999225E0C73400BBB539 /* timerViewController.swift in Sources */,
				1894EACE25D22DEF006CBD14 /* FifthViewController.swift in Sources */,
				18A9FB31256B507900A8D0C6 /* SceneDelegate.swift in Sources */,
				18536BFC25F1E9B6004A54D8 /* SplashViewController.swift in Sources */,
				18536C0125F1E9DC004A54D8 /* TutorialViewController.swift in Sources */,
				1894EABA25D22D08006CBD14 /* FirstViewController.swift in Sources */,
				18A9FB90256B77CA00A8D0C6 /* Task.swift in Sources */,
				189FD03625EF1E69005ED8B4 /* CalendarHelpViewController.swift in Sources */,
				1873B8A7259035AD000440FD /* ListNavigationController.swift in Sources */,
				18A9FB7A256B537500A8D0C6 /* ChartViewController.swift in Sources */,
			);
			runOnlyForDeploymentPostprocessing = 0;
		};
		18A9FB3D256B507E00A8D0C6 /* Sources */ = {
			isa = PBXSourcesBuildPhase;
			buildActionMask = 2147483647;
			files = (
				18A9FB46256B507E00A8D0C6 /* RiseTests.swift in Sources */,
			);
			runOnlyForDeploymentPostprocessing = 0;
		};
		18A9FB48256B507E00A8D0C6 /* Sources */ = {
			isa = PBXSourcesBuildPhase;
			buildActionMask = 2147483647;
			files = (
				18A9FB51256B507E00A8D0C6 /* RiseUITests.swift in Sources */,
			);
			runOnlyForDeploymentPostprocessing = 0;
		};
/* End PBXSourcesBuildPhase section */

/* Begin PBXTargetDependency section */
		18A9FB43256B507E00A8D0C6 /* PBXTargetDependency */ = {
			isa = PBXTargetDependency;
			target = 18A9FB2A256B507900A8D0C6 /* Rise */;
			targetProxy = 18A9FB42256B507E00A8D0C6 /* PBXContainerItemProxy */;
		};
		18A9FB4E256B507E00A8D0C6 /* PBXTargetDependency */ = {
			isa = PBXTargetDependency;
			target = 18A9FB2A256B507900A8D0C6 /* Rise */;
			targetProxy = 18A9FB4D256B507E00A8D0C6 /* PBXContainerItemProxy */;
		};
/* End PBXTargetDependency section */

/* Begin PBXVariantGroup section */
		18A9FB34256B507900A8D0C6 /* Main.storyboard */ = {
			isa = PBXVariantGroup;
			children = (
				18A9FB35256B507900A8D0C6 /* Base */,
			);
			name = Main.storyboard;
			sourceTree = "<group>";
		};
		18A9FB39256B507E00A8D0C6 /* LaunchScreen.storyboard */ = {
			isa = PBXVariantGroup;
			children = (
				18A9FB3A256B507E00A8D0C6 /* Base */,
			);
			name = LaunchScreen.storyboard;
			sourceTree = "<group>";
		};
/* End PBXVariantGroup section */

/* Begin XCBuildConfiguration section */
		18A9FB53256B507E00A8D0C6 /* Debug */ = {
			isa = XCBuildConfiguration;
			buildSettings = {
				ALWAYS_SEARCH_USER_PATHS = NO;
				CLANG_ANALYZER_NONNULL = YES;
				CLANG_ANALYZER_NUMBER_OBJECT_CONVERSION = YES_AGGRESSIVE;
				CLANG_CXX_LANGUAGE_STANDARD = "gnu++14";
				CLANG_CXX_LIBRARY = "libc++";
				CLANG_ENABLE_MODULES = YES;
				CLANG_ENABLE_OBJC_ARC = YES;
				CLANG_ENABLE_OBJC_WEAK = YES;
				CLANG_WARN_BLOCK_CAPTURE_AUTORELEASING = YES;
				CLANG_WARN_BOOL_CONVERSION = YES;
				CLANG_WARN_COMMA = YES;
				CLANG_WARN_CONSTANT_CONVERSION = YES;
				CLANG_WARN_DEPRECATED_OBJC_IMPLEMENTATIONS = YES;
				CLANG_WARN_DIRECT_OBJC_ISA_USAGE = YES_ERROR;
				CLANG_WARN_DOCUMENTATION_COMMENTS = YES;
				CLANG_WARN_EMPTY_BODY = YES;
				CLANG_WARN_ENUM_CONVERSION = YES;
				CLANG_WARN_INFINITE_RECURSION = YES;
				CLANG_WARN_INT_CONVERSION = YES;
				CLANG_WARN_NON_LITERAL_NULL_CONVERSION = YES;
				CLANG_WARN_OBJC_IMPLICIT_RETAIN_SELF = YES;
				CLANG_WARN_OBJC_LITERAL_CONVERSION = YES;
				CLANG_WARN_OBJC_ROOT_CLASS = YES_ERROR;
				CLANG_WARN_QUOTED_INCLUDE_IN_FRAMEWORK_HEADER = YES;
				CLANG_WARN_RANGE_LOOP_ANALYSIS = YES;
				CLANG_WARN_STRICT_PROTOTYPES = YES;
				CLANG_WARN_SUSPICIOUS_MOVE = YES;
				CLANG_WARN_UNGUARDED_AVAILABILITY = YES_AGGRESSIVE;
				CLANG_WARN_UNREACHABLE_CODE = YES;
				CLANG_WARN__DUPLICATE_METHOD_MATCH = YES;
				COPY_PHASE_STRIP = NO;
				DEBUG_INFORMATION_FORMAT = dwarf;
				ENABLE_STRICT_OBJC_MSGSEND = YES;
				ENABLE_TESTABILITY = YES;
				GCC_C_LANGUAGE_STANDARD = gnu11;
				GCC_DYNAMIC_NO_PIC = NO;
				GCC_NO_COMMON_BLOCKS = YES;
				GCC_OPTIMIZATION_LEVEL = 0;
				GCC_PREPROCESSOR_DEFINITIONS = (
					"DEBUG=1",
					"$(inherited)",
				);
				GCC_WARN_64_TO_32_BIT_CONVERSION = YES;
				GCC_WARN_ABOUT_RETURN_TYPE = YES_ERROR;
				GCC_WARN_UNDECLARED_SELECTOR = YES;
				GCC_WARN_UNINITIALIZED_AUTOS = YES_AGGRESSIVE;
				GCC_WARN_UNUSED_FUNCTION = YES;
				GCC_WARN_UNUSED_VARIABLE = YES;
				IPHONEOS_DEPLOYMENT_TARGET = 14.2;
				MTL_ENABLE_DEBUG_INFO = INCLUDE_SOURCE;
				MTL_FAST_MATH = YES;
				ONLY_ACTIVE_ARCH = YES;
				SDKROOT = iphoneos;
				SWIFT_ACTIVE_COMPILATION_CONDITIONS = DEBUG;
				SWIFT_OPTIMIZATION_LEVEL = "-Onone";
			};
			name = Debug;
		};
		18A9FB54256B507E00A8D0C6 /* Release */ = {
			isa = XCBuildConfiguration;
			buildSettings = {
				ALWAYS_SEARCH_USER_PATHS = NO;
				CLANG_ANALYZER_NONNULL = YES;
				CLANG_ANALYZER_NUMBER_OBJECT_CONVERSION = YES_AGGRESSIVE;
				CLANG_CXX_LANGUAGE_STANDARD = "gnu++14";
				CLANG_CXX_LIBRARY = "libc++";
				CLANG_ENABLE_MODULES = YES;
				CLANG_ENABLE_OBJC_ARC = YES;
				CLANG_ENABLE_OBJC_WEAK = YES;
				CLANG_WARN_BLOCK_CAPTURE_AUTORELEASING = YES;
				CLANG_WARN_BOOL_CONVERSION = YES;
				CLANG_WARN_COMMA = YES;
				CLANG_WARN_CONSTANT_CONVERSION = YES;
				CLANG_WARN_DEPRECATED_OBJC_IMPLEMENTATIONS = YES;
				CLANG_WARN_DIRECT_OBJC_ISA_USAGE = YES_ERROR;
				CLANG_WARN_DOCUMENTATION_COMMENTS = YES;
				CLANG_WARN_EMPTY_BODY = YES;
				CLANG_WARN_ENUM_CONVERSION = YES;
				CLANG_WARN_INFINITE_RECURSION = YES;
				CLANG_WARN_INT_CONVERSION = YES;
				CLANG_WARN_NON_LITERAL_NULL_CONVERSION = YES;
				CLANG_WARN_OBJC_IMPLICIT_RETAIN_SELF = YES;
				CLANG_WARN_OBJC_LITERAL_CONVERSION = YES;
				CLANG_WARN_OBJC_ROOT_CLASS = YES_ERROR;
				CLANG_WARN_QUOTED_INCLUDE_IN_FRAMEWORK_HEADER = YES;
				CLANG_WARN_RANGE_LOOP_ANALYSIS = YES;
				CLANG_WARN_STRICT_PROTOTYPES = YES;
				CLANG_WARN_SUSPICIOUS_MOVE = YES;
				CLANG_WARN_UNGUARDED_AVAILABILITY = YES_AGGRESSIVE;
				CLANG_WARN_UNREACHABLE_CODE = YES;
				CLANG_WARN__DUPLICATE_METHOD_MATCH = YES;
				COPY_PHASE_STRIP = NO;
				DEBUG_INFORMATION_FORMAT = "dwarf-with-dsym";
				ENABLE_NS_ASSERTIONS = NO;
				ENABLE_STRICT_OBJC_MSGSEND = YES;
				GCC_C_LANGUAGE_STANDARD = gnu11;
				GCC_NO_COMMON_BLOCKS = YES;
				GCC_WARN_64_TO_32_BIT_CONVERSION = YES;
				GCC_WARN_ABOUT_RETURN_TYPE = YES_ERROR;
				GCC_WARN_UNDECLARED_SELECTOR = YES;
				GCC_WARN_UNINITIALIZED_AUTOS = YES_AGGRESSIVE;
				GCC_WARN_UNUSED_FUNCTION = YES;
				GCC_WARN_UNUSED_VARIABLE = YES;
				IPHONEOS_DEPLOYMENT_TARGET = 14.2;
				MTL_ENABLE_DEBUG_INFO = NO;
				MTL_FAST_MATH = YES;
				SDKROOT = iphoneos;
				SWIFT_COMPILATION_MODE = wholemodule;
				SWIFT_OPTIMIZATION_LEVEL = "-O";
				VALIDATE_PRODUCT = YES;
			};
			name = Release;
		};
		18A9FB56256B507E00A8D0C6 /* Debug */ = {
			isa = XCBuildConfiguration;
			baseConfigurationReference = 050F1C6C92A596E2F73BBC22 /* Pods-Rise.debug.xcconfig */;
			buildSettings = {
				ASSETCATALOG_COMPILER_APPICON_NAME = AppIcon;
				ASSETCATALOG_COMPILER_GLOBAL_ACCENT_COLOR_NAME = AccentColor;
				CODE_SIGN_STYLE = Automatic;
				DEVELOPMENT_TEAM = MQ3PXRJDU7;
				INFOPLIST_FILE = Rise/Info.plist;
				IPHONEOS_DEPLOYMENT_TARGET = 14.2;
				LD_RUNPATH_SEARCH_PATHS = (
					"$(inherited)",
					"@executable_path/Frameworks",
				);
				MARKETING_VERSION = 1.2.5;
				PRODUCT_BUNDLE_IDENTIFIER = jp.Leon.ryotaro.tsuji.Rise;
				PRODUCT_NAME = "$(TARGET_NAME)";
				SWIFT_VERSION = 5.0;
				TARGETED_DEVICE_FAMILY = 1;
			};
			name = Debug;
		};
		18A9FB57256B507E00A8D0C6 /* Release */ = {
			isa = XCBuildConfiguration;
			baseConfigurationReference = 30FA938D79A07F8709A96BC7 /* Pods-Rise.release.xcconfig */;
			buildSettings = {
				ASSETCATALOG_COMPILER_APPICON_NAME = AppIcon;
				ASSETCATALOG_COMPILER_GLOBAL_ACCENT_COLOR_NAME = AccentColor;
				CODE_SIGN_STYLE = Automatic;
				DEVELOPMENT_TEAM = MQ3PXRJDU7;
				INFOPLIST_FILE = Rise/Info.plist;
				IPHONEOS_DEPLOYMENT_TARGET = 14.2;
				LD_RUNPATH_SEARCH_PATHS = (
					"$(inherited)",
					"@executable_path/Frameworks",
				);
				MARKETING_VERSION = 1.2.5;
				PRODUCT_BUNDLE_IDENTIFIER = jp.Leon.ryotaro.tsuji.Rise;
				PRODUCT_NAME = "$(TARGET_NAME)";
				SWIFT_VERSION = 5.0;
				TARGETED_DEVICE_FAMILY = 1;
			};
			name = Release;
		};
		18A9FB59256B507E00A8D0C6 /* Debug */ = {
			isa = XCBuildConfiguration;
			baseConfigurationReference = 5BBAF677452C653F4AF1A818 /* Pods-RiseTests.debug.xcconfig */;
			buildSettings = {
				ALWAYS_EMBED_SWIFT_STANDARD_LIBRARIES = YES;
				BUNDLE_LOADER = "$(TEST_HOST)";
				CODE_SIGN_STYLE = Automatic;
				DEVELOPMENT_TEAM = MQ3PXRJDU7;
				INFOPLIST_FILE = RiseTests/Info.plist;
				IPHONEOS_DEPLOYMENT_TARGET = 14.2;
				LD_RUNPATH_SEARCH_PATHS = (
					"$(inherited)",
					"@executable_path/Frameworks",
					"@loader_path/Frameworks",
				);
				PRODUCT_BUNDLE_IDENTIFIER = jp.Leon.ryotaro.tsuji.RiseTests;
				PRODUCT_NAME = "$(TARGET_NAME)";
				SWIFT_VERSION = 5.0;
				TARGETED_DEVICE_FAMILY = "1,2";
				TEST_HOST = "$(BUILT_PRODUCTS_DIR)/Rise.app/Rise";
			};
			name = Debug;
		};
		18A9FB5A256B507E00A8D0C6 /* Release */ = {
			isa = XCBuildConfiguration;
			baseConfigurationReference = 88C92826BCFA5AF72C9579CD /* Pods-RiseTests.release.xcconfig */;
			buildSettings = {
				ALWAYS_EMBED_SWIFT_STANDARD_LIBRARIES = YES;
				BUNDLE_LOADER = "$(TEST_HOST)";
				CODE_SIGN_STYLE = Automatic;
				DEVELOPMENT_TEAM = MQ3PXRJDU7;
				INFOPLIST_FILE = RiseTests/Info.plist;
				IPHONEOS_DEPLOYMENT_TARGET = 14.2;
				LD_RUNPATH_SEARCH_PATHS = (
					"$(inherited)",
					"@executable_path/Frameworks",
					"@loader_path/Frameworks",
				);
				PRODUCT_BUNDLE_IDENTIFIER = jp.Leon.ryotaro.tsuji.RiseTests;
				PRODUCT_NAME = "$(TARGET_NAME)";
				SWIFT_VERSION = 5.0;
				TARGETED_DEVICE_FAMILY = "1,2";
				TEST_HOST = "$(BUILT_PRODUCTS_DIR)/Rise.app/Rise";
			};
			name = Release;
		};
		18A9FB5C256B507E00A8D0C6 /* Debug */ = {
			isa = XCBuildConfiguration;
			baseConfigurationReference = 879B14BE66AE4EED5D7E5C48 /* Pods-Rise-RiseUITests.debug.xcconfig */;
			buildSettings = {
				ALWAYS_EMBED_SWIFT_STANDARD_LIBRARIES = YES;
				CODE_SIGN_STYLE = Automatic;
				DEVELOPMENT_TEAM = MQ3PXRJDU7;
				INFOPLIST_FILE = RiseUITests/Info.plist;
				LD_RUNPATH_SEARCH_PATHS = (
					"$(inherited)",
					"@executable_path/Frameworks",
					"@loader_path/Frameworks",
				);
				PRODUCT_BUNDLE_IDENTIFIER = jp.Leon.ryotaro.tsuji.RiseUITests;
				PRODUCT_NAME = "$(TARGET_NAME)";
				SWIFT_VERSION = 5.0;
				TARGETED_DEVICE_FAMILY = "1,2";
				TEST_TARGET_NAME = Rise;
			};
			name = Debug;
		};
		18A9FB5D256B507E00A8D0C6 /* Release */ = {
			isa = XCBuildConfiguration;
			baseConfigurationReference = 9F98B4B7F70B15530CC79D8D /* Pods-Rise-RiseUITests.release.xcconfig */;
			buildSettings = {
				ALWAYS_EMBED_SWIFT_STANDARD_LIBRARIES = YES;
				CODE_SIGN_STYLE = Automatic;
				DEVELOPMENT_TEAM = MQ3PXRJDU7;
				INFOPLIST_FILE = RiseUITests/Info.plist;
				LD_RUNPATH_SEARCH_PATHS = (
					"$(inherited)",
					"@executable_path/Frameworks",
					"@loader_path/Frameworks",
				);
				PRODUCT_BUNDLE_IDENTIFIER = jp.Leon.ryotaro.tsuji.RiseUITests;
				PRODUCT_NAME = "$(TARGET_NAME)";
				SWIFT_VERSION = 5.0;
				TARGETED_DEVICE_FAMILY = "1,2";
				TEST_TARGET_NAME = Rise;
			};
			name = Release;
		};
/* End XCBuildConfiguration section */

/* Begin XCConfigurationList section */
		18A9FB26256B507900A8D0C6 /* Build configuration list for PBXProject "Rise" */ = {
			isa = XCConfigurationList;
			buildConfigurations = (
				18A9FB53256B507E00A8D0C6 /* Debug */,
				18A9FB54256B507E00A8D0C6 /* Release */,
			);
			defaultConfigurationIsVisible = 0;
			defaultConfigurationName = Release;
		};
		18A9FB55256B507E00A8D0C6 /* Build configuration list for PBXNativeTarget "Rise" */ = {
			isa = XCConfigurationList;
			buildConfigurations = (
				18A9FB56256B507E00A8D0C6 /* Debug */,
				18A9FB57256B507E00A8D0C6 /* Release */,
			);
			defaultConfigurationIsVisible = 0;
			defaultConfigurationName = Release;
		};
		18A9FB58256B507E00A8D0C6 /* Build configuration list for PBXNativeTarget "RiseTests" */ = {
			isa = XCConfigurationList;
			buildConfigurations = (
				18A9FB59256B507E00A8D0C6 /* Debug */,
				18A9FB5A256B507E00A8D0C6 /* Release */,
			);
			defaultConfigurationIsVisible = 0;
			defaultConfigurationName = Release;
		};
		18A9FB5B256B507E00A8D0C6 /* Build configuration list for PBXNativeTarget "RiseUITests" */ = {
			isa = XCConfigurationList;
			buildConfigurations = (
				18A9FB5C256B507E00A8D0C6 /* Debug */,
				18A9FB5D256B507E00A8D0C6 /* Release */,
			);
			defaultConfigurationIsVisible = 0;
			defaultConfigurationName = Release;
		};
/* End XCConfigurationList section */
	};
	rootObject = 18A9FB23256B507900A8D0C6 /* Project object */;
}
